
Microsoft Visual Studio Solution File, Format Version 12.00
# Visual Studio Version 16
VisualStudioVersion = 16.0.32602.291
MinimumVisualStudioVersion = 10.0.40219.1
Project("{FAE04EC0-301F-11D3-BF4B-00C04F79EFBC}") = "MarvelMVC", "MarvelMVC\MarvelMVC.csproj", "{28CF1025-8D1E-4066-9976-F7AA9CC41113}"
EndProject
Global
	GlobalSection(SolutionConfigurationPlatforms) = preSolution
		Debug|Any CPU = Debug|Any CPU
		Release|Any CPU = Release|Any CPU
	EndGlobalSection
	GlobalSection(ProjectConfigurationPlatforms) = postSolution
		{28CF1025-8D1E-4066-9976-F7AA9CC41113}.Debug|Any CPU.ActiveCfg = Debug|Any CPU
		{28CF1025-8D1E-4066-9976-F7AA9CC41113}.Debug|Any CPU.Build.0 = Debug|Any CPU
		{28CF1025-8D1E-4066-9976-F7AA9CC41113}.Release|Any CPU.ActiveCfg = Release|Any CPU
		{28CF1025-8D1E-4066-9976-F7AA9CC41113}.Release|Any CPU.Build.0 = Release|Any CPU
	EndGlobalSection
	GlobalSection(SolutionProperties) = preSolution
		HideSolutionNode = FALSE
	EndGlobalSection
	GlobalSection(ExtensibilityGlobals) = postSolution
		SolutionGuid = {96CDAD05-00F4-4C60-97C1-DC73EAEBAA4A}
	EndGlobalSection
EndGlobal
